
Microsoft Visual Studio Solution File, Format Version 12.00
# Visual Studio 15
VisualStudioVersion = 15.0.28010.2036
MinimumVisualStudioVersion = 10.0.40219.1
Project("{FAE04EC0-301F-11D3-BF4B-00C04F79EFBC}") = "VFWallpaper.UWP", "VFWallpaper.UWP.csproj", "{FB504B62-0E7A-4F61-A284-9DCA37553A15}"
EndProject
Global
	GlobalSection(SolutionConfigurationPlatforms) = preSolution
		Debug|ARM = Debug|ARM
		Debug|x64 = Debug|x64
		Debug|x86 = Debug|x86
		Release|ARM = Release|ARM
		Release|x64 = Release|x64
		Release|x86 = Release|x86
	EndGlobalSection
	GlobalSection(ProjectConfigurationPlatforms) = postSolution
		{FB504B62-0E7A-4F61-A284-9DCA37553A15}.Debug|ARM.ActiveCfg = Debug|ARM
		{FB504B62-0E7A-4F61-A284-9DCA37553A15}.Debug|ARM.Build.0 = Debug|ARM
		{FB504B62-0E7A-4F61-A284-9DCA37553A15}.Debug|ARM.Deploy.0 = Debug|ARM
		{FB504B62-0E7A-4F61-A284-9DCA37553A15}.Debug|x64.ActiveCfg = Debug|x64
		{FB504B62-0E7A-4F61-A284-9DCA37553A15}.Debug|x64.Build.0 = Debug|x64
		{FB504B62-0E7A-4F61-A284-9DCA37553A15}.Debug|x64.Deploy.0 = Debug|x64
		{FB504B62-0E7A-4F61-A284-9DCA37553A15}.Debug|x86.ActiveCfg = Debug|x86
		{FB504B62-0E7A-4F61-A284-9DCA37553A15}.Debug|x86.Build.0 = Debug|x86
		{FB504B62-0E7A-4F61-A284-9DCA37553A15}.Debug|x86.Deploy.0 = Debug|x86
		{FB504B62-0E7A-4F61-A284-9DCA37553A15}.Release|ARM.ActiveCfg = Release|ARM
		{FB504B62-0E7A-4F61-A284-9DCA37553A15}.Release|ARM.Build.0 = Release|ARM
		{FB504B62-0E7A-4F61-A284-9DCA37553A15}.Release|ARM.Deploy.0 = Release|ARM
		{FB504B62-0E7A-4F61-A284-9DCA37553A15}.Release|x64.ActiveCfg = Release|x64
		{FB504B62-0E7A-4F61-A284-9DCA37553A15}.Release|x64.Build.0 = Release|x64
		{FB504B62-0E7A-4F61-A284-9DCA37553A15}.Release|x64.Deploy.0 = Release|x64
		{FB504B62-0E7A-4F61-A284-9DCA37553A15}.Release|x86.ActiveCfg = Release|x86
		{FB504B62-0E7A-4F61-A284-9DCA37553A15}.Release|x86.Build.0 = Release|x86
		{FB504B62-0E7A-4F61-A284-9DCA37553A15}.Release|x86.Deploy.0 = Release|x86
	EndGlobalSection
	GlobalSection(SolutionProperties) = preSolution
		HideSolutionNode = FALSE
	EndGlobalSection
	GlobalSection(ExtensibilityGlobals) = postSolution
		SolutionGuid = {B21EB20E-6EFD-4DA6-8785-D214FCD977E4}
	EndGlobalSection
EndGlobal
